<?xml version="1.0" encoding="utf-8"?>
<Project ToolsVersion="4.0" xmlns="http://schemas.microsoft.com/developer/msbuild/2003">
  <ItemGroup>
    <Filter Include="Managers">
      <UniqueIdentifier>{d6d4d16a-c3b4-433f-8655-3778e127af1f}</UniqueIdentifier>
    </Filter>
    <Filter Include="Entities">
      <UniqueIdentifier>{309046a3-7394-42be-aa5e-e739fe1d7f0f}</UniqueIdentifier>
    </Filter>
    <Filter Include="GameStates">
      <UniqueIdentifier>{ff4ad893-1be1-43ca-863c-498ef149ecd0}</UniqueIdentifier>
    </Filter>
    <Filter Include="GUI">
      <UniqueIdentifier>{d4848ece-3dbf-4113-b979-83bdae2326ee}</UniqueIdentifier>
    </Filter>
    <Filter Include="Components">
      <UniqueIdentifier>{bd8cf526-75da-4ca9-9e53-d6bab150bf25}</UniqueIdentifier>
    </Filter>
    <Filter Include="Projectiles">
      <UniqueIdentifier>{f2bdb538-1d33-4126-8fd3-2d772006acf1}</UniqueIdentifier>
    </Filter>
    <Filter Include="Items">
      <UniqueIdentifier>{445114e6-6573-40d4-b188-07176749b675}</UniqueIdentifier>
    </Filter>
    <Filter Include="Events">
      <UniqueIdentifier>{29086c25-d4da-4a7f-8a74-c039dbf56837}</UniqueIdentifier>
    </Filter>
    <Filter Include="Misc">
      <UniqueIdentifier>{6699c9bf-a004-4af7-87b7-28d55da004f6}</UniqueIdentifier>
    </Filter>
    <Filter Include="Core">
      <UniqueIdentifier>{99b59560-991f-4a07-a6d0-403fd8c02f13}</UniqueIdentifier>
    </Filter>
    <Filter Include="Scripts">
      <UniqueIdentifier>{e9a4bde4-e37b-4720-8de4-9162f0dea798}</UniqueIdentifier>
    </Filter>
    <Filter Include="Core\tpl">
      <UniqueIdentifier>{9e76bfc4-5263-4423-96b9-bc7064191023}</UniqueIdentifier>
    </Filter>
    <Filter Include="assets">
      <UniqueIdentifier>{db67b37e-8538-4f0d-926e-16d2d844b312}</UniqueIdentifier>
    </Filter>
    <Filter Include="assets\textures">
      <UniqueIdentifier>{3da0291f-e81b-4cd6-a2bd-c4a8edfdb520}</UniqueIdentifier>
    </Filter>
    <Filter Include="assets\textures\actors">
      <UniqueIdentifier>{13322ac3-6a2e-49ec-9a70-529e2123d17a}</UniqueIdentifier>
    </Filter>
    <Filter Include="assets\textures\actors\player">
      <UniqueIdentifier>{ed93f371-6fbd-47c0-867e-67b1cb55b97f}</UniqueIdentifier>
    </Filter>
    <Filter Include="assets\textures\tilesets">
      <UniqueIdentifier>{8a660b30-5732-4f32-b9f4-c7318b53f4ec}</UniqueIdentifier>
    </Filter>
    <Filter Include="Entities\asprites">
      <UniqueIdentifier>{d5b8e8b4-a480-4e99-92fc-232a11dbe07c}</UniqueIdentifier>
    </Filter>
    <Filter Include="assets\data">
      <UniqueIdentifier>{1c67241d-c0ca-479d-9461-67da7fc307ba}</UniqueIdentifier>
    </Filter>
    <Filter Include="assets\scripts">
      <UniqueIdentifier>{7d17166f-5ef9-49bd-bc88-2fabe936159e}</UniqueIdentifier>
    </Filter>
    <Filter Include="assets\data\tilesets">
      <UniqueIdentifier>{d894eaed-602b-40f5-92b9-be5795fb7faf}</UniqueIdentifier>
    </Filter>
    <Filter Include="assets\data\tilemaps">
      <UniqueIdentifier>{ded0beb4-c969-40dc-ab7b-b86f3129c9ac}</UniqueIdentifier>
    </Filter>
    <Filter Include="assets\data\tilemaps\tilemap1">
      <UniqueIdentifier>{8381b753-0304-465f-aee4-d79ce92a4e58}</UniqueIdentifier>
    </Filter>
    <Filter Include="assets\textures\platforms">
      <UniqueIdentifier>{4bdde5ac-b1cd-41f5-b148-e31c699a2a21}</UniqueIdentifier>
    </Filter>
    <Filter Include="Entities\asprites\platforms">
      <UniqueIdentifier>{0fe45d08-e0ea-4545-a60d-1a3cdabfd610}</UniqueIdentifier>
    </Filter>
    <Filter Include="Stage">
      <UniqueIdentifier>{6f27e125-e6fc-4525-9942-bce206a477d9}</UniqueIdentifier>
    </Filter>
    <Filter Include="Stage\tilemap">
      <UniqueIdentifier>{b5c0cb3d-82e7-4518-806f-42ee6ae38210}</UniqueIdentifier>
    </Filter>
    <Filter Include="assets\textures\backgrounds">
      <UniqueIdentifier>{8f215a10-e07a-4678-b6db-6e7486f2dde9}</UniqueIdentifier>
    </Filter>
    <Filter Include="assets\textures\backgrounds\space">
      <UniqueIdentifier>{c3bec440-b798-4c38-8225-95706bdb9667}</UniqueIdentifier>
    </Filter>
    <Filter Include="assets\music">
      <UniqueIdentifier>{4d51e6e2-cca8-4dc3-a2c0-cb2e7aaaac51}</UniqueIdentifier>
    </Filter>
    <Filter Include="FSM">
      <UniqueIdentifier>{5a57e311-bd62-43d6-b1cb-96a82e590ce8}</UniqueIdentifier>
    </Filter>
    <Filter Include="Entities\projectiles">
      <UniqueIdentifier>{188febad-ea61-41af-9b16-1fbb6ef3dadf}</UniqueIdentifier>
    </Filter>
    <Filter Include="assets\data\aabbs">
      <UniqueIdentifier>{4937fc1f-7139-428c-b7da-3935efeeb6b9}</UniqueIdentifier>
    </Filter>
    <Filter Include="assets\textures\projectiles">
      <UniqueIdentifier>{eb8a0b0d-bdcb-4d6f-a0d4-497840948e74}</UniqueIdentifier>
    </Filter>
    <Filter Include="assets\sounds">
      <UniqueIdentifier>{083252c4-ba9c-40e2-ac84-d796f0ada719}</UniqueIdentifier>
    </Filter>
    <Filter Include="Entities\asprites\enemies">
      <UniqueIdentifier>{f538dddf-90d9-4e6a-8524-cb2e14ad48f3}</UniqueIdentifier>
    </Filter>
    <Filter Include="assets\textures\actors\enemies">
      <UniqueIdentifier>{e9f3e753-6d8c-4b68-931a-eb0b6ab0e1f8}</UniqueIdentifier>
    </Filter>
    <Filter Include="Command">
      <UniqueIdentifier>{3bec7edf-9bf5-4915-ac13-175e5ec940b4}</UniqueIdentifier>
    </Filter>
    <Filter Include="assets\data\bboxes">
      <UniqueIdentifier>{d1211efc-113a-4cd2-857a-b626fe10e411}</UniqueIdentifier>
    </Filter>
    <Filter Include="assets\data\bboxes\player">
      <UniqueIdentifier>{37a9b3a6-e391-4490-887d-34db131f9e9b}</UniqueIdentifier>
    </Filter>
    <Filter Include="assets\data\bboxes\platforms">
      <UniqueIdentifier>{97addcba-8c37-48ac-ae45-06e543fcde26}</UniqueIdentifier>
    </Filter>
    <Filter Include="assets\data\bboxes\enemies">
      <UniqueIdentifier>{5980dda7-634b-41d5-bc3f-567c53e2ac1c}</UniqueIdentifier>
    </Filter>
    <Filter Include="assets\fonts">
      <UniqueIdentifier>{e76a9ac2-ee93-4399-8555-af26a419cc28}</UniqueIdentifier>
    </Filter>
    <Filter Include="Entities\dyno_sprites">
      <UniqueIdentifier>{b3855804-59ac-45c5-988c-8583d7d2b539}</UniqueIdentifier>
    </Filter>
    <Filter Include="Entities\stat_sprites">
      <UniqueIdentifier>{bc967272-e8e5-469f-ab3f-3198a6b5b3a5}</UniqueIdentifier>
    </Filter>
  </ItemGroup>
  <ItemGroup>
    <ClInclude Include="headers\ServiceLocator.h">
      <Filter>Managers</Filter>
    </ClInclude>
    <ClInclude Include="pch.h">
      <Filter>Core</Filter>
    </ClInclude>
    <ClInclude Include="headers\globals.h">
      <Filter>Core</Filter>
    </ClInclude>
    <ClInclude Include="headers\ResourceManager.h">
      <Filter>Core</Filter>
    </ClInclude>
    <ClInclude Include="headers\Cfg.h">
      <Filter>Core</Filter>
    </ClInclude>
    <ClInclude Include="headers\Action.h">
      <Filter>Core</Filter>
    </ClInclude>
    <ClInclude Include="headers\ActionMap.h">
      <Filter>Core</Filter>
    </ClInclude>
    <ClInclude Include="headers\ActionTarget.h">
      <Filter>Core</Filter>
    </ClInclude>
    <ClInclude Include="headers\draw_shape.h">
      <Filter>Misc</Filter>
    </ClInclude>
    <ClInclude Include="headers\Dynamic.h">
      <Filter>Entities</Filter>
    </ClInclude>
    <ClInclude Include="headers\AABB.h">
      <Filter>Misc</Filter>
    </ClInclude>
    <ClInclude Include="headers\physics.h">
      <Filter>Managers</Filter>
    </ClInclude>
    <ClInclude Include="headers\ASprite.h">
      <Filter>Entities</Filter>
    </ClInclude>
    <ClInclude Include="headers\Player.h">
      <Filter>Entities\asprites</Filter>
    </ClInclude>
    <ClInclude Include="headers\Platform.h">
      <Filter>Entities\asprites</Filter>
    </ClInclude>
    <ClInclude Include="headers\Stage.h">
      <Filter>Stage</Filter>
    </ClInclude>
    <ClInclude Include="headers\Tile.h">
      <Filter>Stage\tilemap</Filter>
    </ClInclude>
    <ClInclude Include="headers\Tilemap.h">
      <Filter>Stage\tilemap</Filter>
    </ClInclude>
    <ClInclude Include="headers\Tileset.h">
      <Filter>Stage\tilemap</Filter>
    </ClInclude>
    <ClInclude Include="headers\Game.h">
      <Filter>Core</Filter>
    </ClInclude>
    <ClInclude Include="headers\duck_fold.h">
      <Filter>FSM</Filter>
    </ClInclude>
    <ClInclude Include="headers\FSM.h">
      <Filter>FSM</Filter>
    </ClInclude>
    <ClInclude Include="headers\fsm_events.h">
      <Filter>FSM</Filter>
    </ClInclude>
    <ClInclude Include="headers\FSM_Player.h">
      <Filter>FSM</Filter>
    </ClInclude>
    <ClInclude Include="headers\fsm_states.h">
      <Filter>FSM</Filter>
    </ClInclude>
    <ClInclude Include="headers\MachineHandler.h">
      <Filter>Managers</Filter>
    </ClInclude>
    <ClInclude Include="headers\Projectile.h">
      <Filter>Entities</Filter>
    </ClInclude>
    <ClInclude Include="headers\Enemy.h">
      <Filter>Entities\asprites</Filter>
    </ClInclude>
    <ClInclude Include="headers\Snail.h">
      <Filter>Entities\asprites\enemies</Filter>
    </ClInclude>
    <ClInclude Include="headers\Command.h">
      <Filter>Command</Filter>
    </ClInclude>
    <ClInclude Include="headers\MoveCommand.h">
      <Filter>Command</Filter>
    </ClInclude>
    <ClInclude Include="headers\BaseSprite.h">
      <Filter>Entities</Filter>
    </ClInclude>
    <ClInclude Include="headers\DynoSprite.h">
      <Filter>Entities</Filter>
    </ClInclude>
    <ClInclude Include="headers\StatSprite.h">
      <Filter>Entities</Filter>
    </ClInclude>
    <ClInclude Include="headers\StatTile.h">
      <Filter>Entities\stat_sprites</Filter>
    </ClInclude>
    <ClInclude Include="headers\DynoPlayer.h">
      <Filter>Entities\dyno_sprites</Filter>
    </ClInclude>
  </ItemGroup>
  <ItemGroup>
    <ClCompile Include="pch.cpp">
      <Filter>Core</Filter>
    </ClCompile>
    <ClCompile Include="source\globals.cpp">
      <Filter>Core</Filter>
    </ClCompile>
    <ClCompile Include="source\Cfg.cpp">
      <Filter>Core</Filter>
    </ClCompile>
    <ClCompile Include="source\Action.cpp">
      <Filter>Core</Filter>
    </ClCompile>
    <ClCompile Include="source\draw_shape.cpp">
      <Filter>Misc</Filter>
    </ClCompile>
    <ClCompile Include="source\Dynamic.cpp">
      <Filter>Entities</Filter>
    </ClCompile>
    <ClCompile Include="headers\AABB.cpp">
      <Filter>Misc</Filter>
    </ClCompile>
    <ClCompile Include="source\physics.cpp">
      <Filter>Managers</Filter>
    </ClCompile>
    <ClCompile Include="source\main.cpp">
      <Filter>Core</Filter>
    </ClCompile>
    <ClCompile Include="source\ASprite.cpp">
      <Filter>Entities</Filter>
    </ClCompile>
    <ClCompile Include="source\Player.cpp">
      <Filter>Entities\asprites</Filter>
    </ClCompile>
    <ClCompile Include="source\Platform.cpp">
      <Filter>Entities\asprites</Filter>
    </ClCompile>
    <ClCompile Include="source\Stage.cpp">
      <Filter>Stage</Filter>
    </ClCompile>
    <ClCompile Include="source\Tile.cpp">
      <Filter>Stage\tilemap</Filter>
    </ClCompile>
    <ClCompile Include="source\Tilemap.cpp">
      <Filter>Stage\tilemap</Filter>
    </ClCompile>
    <ClCompile Include="source\Tileset.cpp">
      <Filter>Stage\tilemap</Filter>
    </ClCompile>
    <ClCompile Include="source\Game.cpp">
      <Filter>Core</Filter>
    </ClCompile>
    <ClCompile Include="source\MachineHandler.cpp">
      <Filter>Managers</Filter>
    </ClCompile>
    <ClCompile Include="source\Projectile.cpp">
      <Filter>Entities</Filter>
    </ClCompile>
    <ClCompile Include="source\Enemy.cpp">
      <Filter>Entities\asprites</Filter>
    </ClCompile>
    <ClCompile Include="source\Snail.cpp">
      <Filter>Entities\asprites\enemies</Filter>
    </ClCompile>
    <ClCompile Include="source\MoveCommand.cpp">
      <Filter>Command</Filter>
    </ClCompile>
    <ClCompile Include="source\rec.cpp">
      <Filter>Core</Filter>
    </ClCompile>
    <ClCompile Include="source\BaseSprite.cpp">
      <Filter>Entities</Filter>
    </ClCompile>
    <ClCompile Include="source\DynoSprite.cpp">
      <Filter>Entities</Filter>
    </ClCompile>
    <ClCompile Include="source\StatSprite.cpp">
      <Filter>Entities</Filter>
    </ClCompile>
    <ClCompile Include="source\StatTile.cpp">
      <Filter>Entities\stat_sprites</Filter>
    </ClCompile>
    <ClCompile Include="source\DynoPlayer.cpp">
      <Filter>Entities\dyno_sprites</Filter>
    </ClCompile>
  </ItemGroup>
  <ItemGroup>
    <None Include="headers\tpl\ResourceManager.tpl">
      <Filter>Core\tpl</Filter>
    </None>
    <None Include="headers\tpl\ActionMap.tpl">
      <Filter>Core\tpl</Filter>
    </None>
    <None Include="headers\tpl\ActionTarget.tpl">
      <Filter>Core\tpl</Filter>
    </None>
    <None Include="assets\data\bboxes\player\player.bbox">
      <Filter>assets\data\bboxes\player</Filter>
    </None>
    <None Include="assets\scripts\tilesets.lua">
      <Filter>assets\scripts</Filter>
    </None>
    <None Include="assets\data\tilesets\tileset1.tst">
      <Filter>assets\data\tilesets</Filter>
    </None>
    <None Include="assets\data\tilemaps\tilemap1\zone1.map">
      <Filter>assets\data\tilemaps\tilemap1</Filter>
    </None>
    <None Include="assets\data\bboxes\platforms\fly_pad.bbox">
      <Filter>assets\data\bboxes\platforms</Filter>
    </None>
    <None Include="assets\scripts\StageSetup.lua">
      <Filter>assets\scripts</Filter>
    </None>
    <None Include="assets\music\stage1.m4a">
      <Filter>assets\music</Filter>
    </None>
    <None Include="assets\data\aabbs\busterBullet.aabb">
      <Filter>assets\data\aabbs</Filter>
    </None>
    <None Include="assets\sounds\busterShotNormal.ogg">
      <Filter>assets\sounds</Filter>
    </None>
    <None Include="assets\sounds\jump.ogg">
      <Filter>assets\sounds</Filter>
    </None>
    <None Include="assets\sounds\land.ogg">
      <Filter>assets\sounds</Filter>
    </None>
    <None Include="assets\data\bboxes\enemies\snail.bbox">
      <Filter>assets\data\bboxes\enemies</Filter>
    </None>
  </ItemGroup>
  <ItemGroup>
    <Image Include="assets\textures\actors\player\player_atlas1.png">
      <Filter>assets\textures\actors\player</Filter>
    </Image>
    <Image Include="assets\textures\tilesets\tileset1.png">
      <Filter>assets\textures\tilesets</Filter>
    </Image>
    <Image Include="assets\textures\tilesets\tileset1_32x32.png">
      <Filter>assets\textures\tilesets</Filter>
    </Image>
    <Image Include="assets\textures\tilesets\tileset1_50x50.png">
      <Filter>assets\textures\tilesets</Filter>
    </Image>
    <Image Include="assets\textures\platforms\fly_pad67x40.png">
      <Filter>assets\textures\platforms</Filter>
    </Image>
    <Image Include="assets\textures\backgrounds\space\bgSpace.png">
      <Filter>assets\textures\backgrounds\space</Filter>
    </Image>
    <Image Include="assets\textures\projectiles\busterBullet.png">
      <Filter>assets\textures\projectiles</Filter>
    </Image>
    <Image Include="assets\textures\actors\enemies\snailAtlas.png">
      <Filter>assets\textures\actors\enemies</Filter>
    </Image>
  </ItemGroup>
  <ItemGroup>
    <Media Include="assets\music\stage1.mp3">
      <Filter>assets\music</Filter>
    </Media>
  </ItemGroup>
  <ItemGroup>
    <Font Include="assets\fonts\freedom.ttf">
      <Filter>assets\fonts</Filter>
    </Font>
    <Font Include="assets\fonts\frisky_puppy.ttf">
      <Filter>assets\fonts</Filter>
    </Font>
  </ItemGroup>
  <ItemGroup>
    <Text Include="headers\rec.h">
      <Filter>Core</Filter>
    </Text>
  </ItemGroup>
</Project>